
Microsoft Visual Studio Solution File, Format Version 12.00
# Visual Studio Version 16
VisualStudioVersion = 16.0.31410.357
MinimumVisualStudioVersion = 10.0.40219.1
Project("{FAE04EC0-301F-11D3-BF4B-00C04F79EFBC}") = "NekgikisCode", "NekgikisCode\NekgikisCode.csproj", "{C3B4D655-4554-4272-8E78-F1706A0C3E7B}"
EndProject
Global
	GlobalSection(SolutionConfigurationPlatforms) = preSolution
		Debug|Any CPU = Debug|Any CPU
		Release|Any CPU = Release|Any CPU
	EndGlobalSection
	GlobalSection(ProjectConfigurationPlatforms) = postSolution
		{C3B4D655-4554-4272-8E78-F1706A0C3E7B}.Debug|Any CPU.ActiveCfg = Debug|Any CPU
		{C3B4D655-4554-4272-8E78-F1706A0C3E7B}.Debug|Any CPU.Build.0 = Debug|Any CPU
		{C3B4D655-4554-4272-8E78-F1706A0C3E7B}.Release|Any CPU.ActiveCfg = Release|Any CPU
		{C3B4D655-4554-4272-8E78-F1706A0C3E7B}.Release|Any CPU.Build.0 = Release|Any CPU
	EndGlobalSection
	GlobalSection(SolutionProperties) = preSolution
		HideSolutionNode = FALSE
	EndGlobalSection
	GlobalSection(ExtensibilityGlobals) = postSolution
		SolutionGuid = {F1944DF6-9E3C-4F1E-9642-9B5C35EEE47F}
	EndGlobalSection
EndGlobal
